
Microsoft Visual Studio Solution File, Format Version 12.00
# Visual Studio Version 17
VisualStudioVersion = 17.14.36109.1 d17.14
MinimumVisualStudioVersion = 10.0.40219.1
Project("{FAE04EC0-301F-11D3-BF4B-00C04F79EFBC}") = "AntAbstract.Web", "AntAbstract.Web\AntAbstract.Web.csproj", "{B867A81C-319B-4D5C-BBF5-FF37248B38B8}"
EndProject
Project("{FAE04EC0-301F-11D3-BF4B-00C04F79EFBC}") = "AntAbstract.Domain", "AntAbstract.Domain\AntAbstract.Domain.csproj", "{81D1235C-E2DE-4F37-9FA6-AF0FB67DD837}"
EndProject
Project("{FAE04EC0-301F-11D3-BF4B-00C04F79EFBC}") = "AntAbstract.Application", "AntAbstract.Application\AntAbstract.Application.csproj", "{D6FB39C1-1808-4F7B-967F-BCF68B0804ED}"
EndProject
Project("{FAE04EC0-301F-11D3-BF4B-00C04F79EFBC}") = "AntAbstract.Infrastructure", "AntAbstract.Infrastructure\AntAbstract.Infrastructure.csproj", "{BD235235-3BB8-4824-A8E4-39309AA6F8D0}"
EndProject
Global
	GlobalSection(SolutionConfigurationPlatforms) = preSolution
		Debug|Any CPU = Debug|Any CPU
		Release|Any CPU = Release|Any CPU
	EndGlobalSection
	GlobalSection(ProjectConfigurationPlatforms) = postSolution
		{B867A81C-319B-4D5C-BBF5-FF37248B38B8}.Debug|Any CPU.ActiveCfg = Debug|Any CPU
		{B867A81C-319B-4D5C-BBF5-FF37248B38B8}.Debug|Any CPU.Build.0 = Debug|Any CPU
		{B867A81C-319B-4D5C-BBF5-FF37248B38B8}.Release|Any CPU.ActiveCfg = Release|Any CPU
		{B867A81C-319B-4D5C-BBF5-FF37248B38B8}.Release|Any CPU.Build.0 = Release|Any CPU
		{81D1235C-E2DE-4F37-9FA6-AF0FB67DD837}.Debug|Any CPU.ActiveCfg = Debug|Any CPU
		{81D1235C-E2DE-4F37-9FA6-AF0FB67DD837}.Debug|Any CPU.Build.0 = Debug|Any CPU
		{81D1235C-E2DE-4F37-9FA6-AF0FB67DD837}.Release|Any CPU.ActiveCfg = Release|Any CPU
		{81D1235C-E2DE-4F37-9FA6-AF0FB67DD837}.Release|Any CPU.Build.0 = Release|Any CPU
		{D6FB39C1-1808-4F7B-967F-BCF68B0804ED}.Debug|Any CPU.ActiveCfg = Debug|Any CPU
		{D6FB39C1-1808-4F7B-967F-BCF68B0804ED}.Debug|Any CPU.Build.0 = Debug|Any CPU
		{D6FB39C1-1808-4F7B-967F-BCF68B0804ED}.Release|Any CPU.ActiveCfg = Release|Any CPU
		{D6FB39C1-1808-4F7B-967F-BCF68B0804ED}.Release|Any CPU.Build.0 = Release|Any CPU
		{BD235235-3BB8-4824-A8E4-39309AA6F8D0}.Debug|Any CPU.ActiveCfg = Debug|Any CPU
		{BD235235-3BB8-4824-A8E4-39309AA6F8D0}.Debug|Any CPU.Build.0 = Debug|Any CPU
		{BD235235-3BB8-4824-A8E4-39309AA6F8D0}.Release|Any CPU.ActiveCfg = Release|Any CPU
		{BD235235-3BB8-4824-A8E4-39309AA6F8D0}.Release|Any CPU.Build.0 = Release|Any CPU
	EndGlobalSection
	GlobalSection(SolutionProperties) = preSolution
		HideSolutionNode = FALSE
	EndGlobalSection
	GlobalSection(ExtensibilityGlobals) = postSolution
		SolutionGuid = {857653FA-75A4-4D2F-A56E-BB39AD884ECB}
	EndGlobalSection
EndGlobal
